
Microsoft Visual Studio Solution File, Format Version 12.00
# Visual Studio 14
VisualStudioVersion = 14.0.25420.1
MinimumVisualStudioVersion = 10.0.40219.1
Project("{FAE04EC0-301F-11D3-BF4B-00C04F79EFBC}") = "StreetFighter.Web", "StreetFighter.Web\StreetFighter.Web.csproj", "{1EBDDEA4-2F33-469E-AABD-0057936AC684}"
EndProject
Project("{FAE04EC0-301F-11D3-BF4B-00C04F79EFBC}") = "StreetFighter.Dominio", "StreetFighter.Dominio\StreetFighter.Dominio.csproj", "{6C669CD8-22F9-4CAA-9A5F-2AFD7F0FB2E2}"
EndProject
Project("{FAE04EC0-301F-11D3-BF4B-00C04F79EFBC}") = "StreetFighter.Aplicativo", "StreetFighter.Aplicativo\StreetFighter.Aplicativo.csproj", "{B72E3AC8-4B6B-4920-A7DB-775713241C4B}"
EndProject
Project("{FAE04EC0-301F-11D3-BF4B-00C04F79EFBC}") = "StreetFighter.Repositorio", "StreetFighter.Repositorio\StreetFighter.Repositorio.csproj", "{07F128FA-65EE-466A-A4CC-C182C057599D}"
EndProject
Project("{FAE04EC0-301F-11D3-BF4B-00C04F79EFBC}") = "StreetFighter.Testes", "StreetFighter.Testes\StreetFighter.Testes.csproj", "{B66D1B55-48EC-46BD-9FBE-E79D10F02B8C}"
EndProject
Project("{FAE04EC0-301F-11D3-BF4B-00C04F79EFBC}") = "StreetFighter.Infra", "StreetFighter.Infra\StreetFighter.Infra.csproj", "{62BE02EF-D568-4FFC-B690-53E3DE8BDF18}"
EndProject
Global
	GlobalSection(SolutionConfigurationPlatforms) = preSolution
		Debug|Any CPU = Debug|Any CPU
		Release|Any CPU = Release|Any CPU
	EndGlobalSection
	GlobalSection(ProjectConfigurationPlatforms) = postSolution
		{1EBDDEA4-2F33-469E-AABD-0057936AC684}.Debug|Any CPU.ActiveCfg = Debug|Any CPU
		{1EBDDEA4-2F33-469E-AABD-0057936AC684}.Debug|Any CPU.Build.0 = Debug|Any CPU
		{1EBDDEA4-2F33-469E-AABD-0057936AC684}.Release|Any CPU.ActiveCfg = Release|Any CPU
		{1EBDDEA4-2F33-469E-AABD-0057936AC684}.Release|Any CPU.Build.0 = Release|Any CPU
		{6C669CD8-22F9-4CAA-9A5F-2AFD7F0FB2E2}.Debug|Any CPU.ActiveCfg = Debug|Any CPU
		{6C669CD8-22F9-4CAA-9A5F-2AFD7F0FB2E2}.Debug|Any CPU.Build.0 = Debug|Any CPU
		{6C669CD8-22F9-4CAA-9A5F-2AFD7F0FB2E2}.Release|Any CPU.ActiveCfg = Release|Any CPU
		{6C669CD8-22F9-4CAA-9A5F-2AFD7F0FB2E2}.Release|Any CPU.Build.0 = Release|Any CPU
		{B72E3AC8-4B6B-4920-A7DB-775713241C4B}.Debug|Any CPU.ActiveCfg = Debug|Any CPU
		{B72E3AC8-4B6B-4920-A7DB-775713241C4B}.Debug|Any CPU.Build.0 = Debug|Any CPU
		{B72E3AC8-4B6B-4920-A7DB-775713241C4B}.Release|Any CPU.ActiveCfg = Release|Any CPU
		{B72E3AC8-4B6B-4920-A7DB-775713241C4B}.Release|Any CPU.Build.0 = Release|Any CPU
		{07F128FA-65EE-466A-A4CC-C182C057599D}.Debug|Any CPU.ActiveCfg = Debug|Any CPU
		{07F128FA-65EE-466A-A4CC-C182C057599D}.Debug|Any CPU.Build.0 = Debug|Any CPU
		{07F128FA-65EE-466A-A4CC-C182C057599D}.Release|Any CPU.ActiveCfg = Release|Any CPU
		{07F128FA-65EE-466A-A4CC-C182C057599D}.Release|Any CPU.Build.0 = Release|Any CPU
		{B66D1B55-48EC-46BD-9FBE-E79D10F02B8C}.Debug|Any CPU.ActiveCfg = Debug|Any CPU
		{B66D1B55-48EC-46BD-9FBE-E79D10F02B8C}.Debug|Any CPU.Build.0 = Debug|Any CPU
		{B66D1B55-48EC-46BD-9FBE-E79D10F02B8C}.Release|Any CPU.ActiveCfg = Release|Any CPU
		{B66D1B55-48EC-46BD-9FBE-E79D10F02B8C}.Release|Any CPU.Build.0 = Release|Any CPU
		{62BE02EF-D568-4FFC-B690-53E3DE8BDF18}.Debug|Any CPU.ActiveCfg = Debug|Any CPU
		{62BE02EF-D568-4FFC-B690-53E3DE8BDF18}.Debug|Any CPU.Build.0 = Debug|Any CPU
		{62BE02EF-D568-4FFC-B690-53E3DE8BDF18}.Release|Any CPU.ActiveCfg = Release|Any CPU
		{62BE02EF-D568-4FFC-B690-53E3DE8BDF18}.Release|Any CPU.Build.0 = Release|Any CPU
	EndGlobalSection
	GlobalSection(SolutionProperties) = preSolution
		HideSolutionNode = FALSE
	EndGlobalSection
EndGlobal
